
Microsoft Visual Studio Solution File, Format Version 12.00
# Visual Studio Version 17
VisualStudioVersion = 17.11.35222.181
MinimumVisualStudioVersion = 10.0.40219.1
Project("{FAE04EC0-301F-11D3-BF4B-00C04F79EFBC}") = "Acceso_BD_Simple", "Acceso_BD_Simple.csproj", "{D5145EA2-9EB1-4DAE-B636-EA9D1FF6C724}"
EndProject
Global
	GlobalSection(SolutionConfigurationPlatforms) = preSolution
		Debug|Any CPU = Debug|Any CPU
		Release|Any CPU = Release|Any CPU
	EndGlobalSection
	GlobalSection(ProjectConfigurationPlatforms) = postSolution
		{D5145EA2-9EB1-4DAE-B636-EA9D1FF6C724}.Debug|Any CPU.ActiveCfg = Debug|Any CPU
		{D5145EA2-9EB1-4DAE-B636-EA9D1FF6C724}.Debug|Any CPU.Build.0 = Debug|Any CPU
		{D5145EA2-9EB1-4DAE-B636-EA9D1FF6C724}.Release|Any CPU.ActiveCfg = Release|Any CPU
		{D5145EA2-9EB1-4DAE-B636-EA9D1FF6C724}.Release|Any CPU.Build.0 = Release|Any CPU
	EndGlobalSection
	GlobalSection(SolutionProperties) = preSolution
		HideSolutionNode = FALSE
	EndGlobalSection
	GlobalSection(ExtensibilityGlobals) = postSolution
		SolutionGuid = {072C6FCF-DEAD-48B6-92BF-A9487AE6DD4E}
	EndGlobalSection
EndGlobal
